
Microsoft Visual Studio Solution File, Format Version 12.00
# Visual Studio Version 16
VisualStudioVersion = 16.0.29926.136
MinimumVisualStudioVersion = 15.0.26124.0
Project("{9A19103F-16F7-4668-BE54-9A1E7A4F7556}") = "Base Library", "C:\Program Files (x86)\Steam\steamapps\common\sbox\addons\base\Code\Base Library.csproj", "{3CFCECAD-98E9-581B-90CF-75E5F2B140CA}"
EndProject
Project("{9A19103F-16F7-4668-BE54-9A1E7A4F7556}") = "Base Editor Library", "C:\Program Files (x86)\Steam\steamapps\common\sbox\addons\tools\Code\Base Editor Library.csproj", "{0DDD0665-950C-B4D6-56B9-A5A4C73C7423}"
EndProject
Project("{9A19103F-16F7-4668-BE54-9A1E7A4F7556}") = "shadergraph", "C:\Program Files (x86)\Steam\steamapps\common\sbox\editor\ShaderGraph\Code\shadergraph.csproj", "{E1F3841D-E6E7-98DF-B512-B4A0EDA94B43}"
EndProject
Project("{9A19103F-16F7-4668-BE54-9A1E7A4F7556}") = "actiongraph", "C:\Program Files (x86)\Steam\steamapps\common\sbox\editor\ActionGraph\Code\actiongraph.csproj", "{D99A7B07-1DA2-FEA1-BA4C-344E12BE35C4}"
EndProject
Project("{9A19103F-16F7-4668-BE54-9A1E7A4F7556}") = "left4box", "Code\left4box.csproj", "{D51B007E-B598-0FA0-7837-A69A04CD1F0E}"
EndProject
Project("{9A19103F-16F7-4668-BE54-9A1E7A4F7556}") = "sceneloadingutility", "Libraries\nolankicks.sceneloadingutility\Code\sceneloadingutility.csproj", "{0F204E24-E62B-D5B1-DBC9-210ECE6D6D0A}"
EndProject
Project("{9A19103F-16F7-4668-BE54-9A1E7A4F7556}") = "sceneloadingutility.editor", "Libraries\nolankicks.sceneloadingutility\Editor\sceneloadingutility.editor.csproj", "{FC6C7BED-51A8-4156-7581-F92A3DA25D09}"
EndProject
Project("{9A19103F-16F7-4668-BE54-9A1E7A4F7556}") = "sceneloadingutility.unittest", "Libraries\nolankicks.sceneloadingutility\UnitTests\sceneloadingutility.unittest.csproj", "{55F2DBB6-0B4D-1FEE-07D4-D274C19FD851}"
EndProject
Project("{9A19103F-16F7-4668-BE54-9A1E7A4F7556}") = "fuib", "Libraries\null.fuib\Code\fuib.csproj", "{AA6BB9D8-7C5A-00FB-D3B2-49C6170435D9}"
EndProject
Project("{9A19103F-16F7-4668-BE54-9A1E7A4F7556}") = "fuib.editor", "Libraries\null.fuib\Editor\fuib.editor.csproj", "{C8F87367-08AD-0493-FBB2-C57FE37562B8}"
EndProject
Project("{9A19103F-16F7-4668-BE54-9A1E7A4F7556}") = "fuib.unittest", "Libraries\null.fuib\UnitTests\fuib.unittest.csproj", "{30524F5E-E17A-C9CE-5251-B111FE0AFE2F}"
EndProject
Project("{9A19103F-16F7-4668-BE54-9A1E7A4F7556}") = "debugoverlay", "Libraries\fish.debugoverlay\Code\debugoverlay.csproj", "{5D393295-D826-4BC1-2F48-1ECCE7548BC2}"
EndProject
Project("{9A19103F-16F7-4668-BE54-9A1E7A4F7556}") = "sandbank", "Libraries\anthonysharpy.sandbank\Code\sandbank.csproj", "{BE79218E-4244-1D36-E13C-343DBA6565E7}"
EndProject
Project("{9A19103F-16F7-4668-BE54-9A1E7A4F7556}") = "sandbank.unittest", "Libraries\anthonysharpy.sandbank\UnitTests\sandbank.unittest.csproj", "{0481E61C-C70A-C180-0581-C343A3C514F7}"
EndProject
Project("{9A19103F-16F7-4668-BE54-9A1E7A4F7556}") = "websocket_tools", "Libraries\nolankicks.websocket_tools\Code\websocket_tools.csproj", "{FA955FBB-3400-866A-D9CF-8A2E09A20F13}"
EndProject
Project("{9A19103F-16F7-4668-BE54-9A1E7A4F7556}") = "websocket_tools.editor", "Libraries\nolankicks.websocket_tools\Editor\websocket_tools.editor.csproj", "{62C2F3C8-87D9-4EEC-0802-18193F2DB54D}"
EndProject
Project("{9A19103F-16F7-4668-BE54-9A1E7A4F7556}") = "websocket_tools.unittest", "Libraries\nolankicks.websocket_tools\UnitTests\websocket_tools.unittest.csproj", "{B933ED31-4378-798F-C895-4092A1EC1098}"
EndProject
Project("{9A19103F-16F7-4668-BE54-9A1E7A4F7556}") = "jigglebones", "Libraries\facepunch.jigglebones\Code\jigglebones.csproj", "{12D4D12F-3F57-D2E9-D12A-977A10355E72}"
EndProject
Project("{9A19103F-16F7-4668-BE54-9A1E7A4F7556}") = "noclip", "Libraries\nolankicks.noclip\Code\noclip.csproj", "{373CE25D-A186-D33E-C2BE-66B474DA7464}"
EndProject
Project("{9A19103F-16F7-4668-BE54-9A1E7A4F7556}") = "noclip.unittest", "Libraries\nolankicks.noclip\UnitTests\noclip.unittest.csproj", "{958D6CA2-AE66-E097-0808-FD5B9C20CA97}"
EndProject
Project("{9A19103F-16F7-4668-BE54-9A1E7A4F7556}") = "kickscomponents", "Libraries\nolankicks.kickscomponents\Code\kickscomponents.csproj", "{6311CADA-6D81-F7AB-FEC4-407A41F1D9B7}"
EndProject
Project("{9A19103F-16F7-4668-BE54-9A1E7A4F7556}") = "kickscomponents.unittest", "Libraries\nolankicks.kickscomponents\UnitTests\kickscomponents.unittest.csproj", "{0B0A0C17-850A-5A51-EDAD-2C746E9BD889}"
EndProject
Project("{9A19103F-16F7-4668-BE54-9A1E7A4F7556}") = "libfreecam", "Libraries\duccsoft.libfreecam\Code\libfreecam.csproj", "{4EC989CD-EB1A-900E-D08B-3E16235A2A03}"
EndProject
Project("{9A19103F-16F7-4668-BE54-9A1E7A4F7556}") = "networkedgameobjects", "Libraries\katewoz.networkedgameobjects\Code\networkedgameobjects.csproj", "{ED967EF7-E028-86AA-11D2-E8C0C0995960}"
EndProject
Project("{9A19103F-16F7-4668-BE54-9A1E7A4F7556}") = "networkedgameobjects.editor", "Libraries\katewoz.networkedgameobjects\Editor\networkedgameobjects.editor.csproj", "{6F1BFF5C-D300-344D-8D1E-96C505C45F91}"
EndProject
Project("{9A19103F-16F7-4668-BE54-9A1E7A4F7556}") = "networkedgameobjects.unittest", "Libraries\katewoz.networkedgameobjects\UnitTests\networkedgameobjects.unittest.csproj", "{4A0220F9-3583-9BFD-CF76-800B7A6F8C66}"
EndProject
Project("{2150E333-8FDC-42A3-9474-1A3956D46DE8}") = "Addons", "Addons", "{7E84B5F6-56F9-A3B2-F215-7A71616B85A2}"
EndProject
Project("{2150E333-8FDC-42A3-9474-1A3956D46DE8}") = "Tools", "Tools", "{91C47821-78DC-6EB2-D97E-14E2D5EF1C9F}"
EndProject
Project("{2150E333-8FDC-42A3-9474-1A3956D46DE8}") = "Libraries", "Libraries", "{A4043C4D-9AC0-3AB1-C0E6-AD534972B49C}"
EndProject

Global
	GlobalSection(SolutionConfigurationPlatforms) = preSolution
		Debug|Any CPU = Debug|Any CPU
		Release|Any CPU = Release|Any CPU
	EndGlobalSection
	GlobalSection(ProjectConfigurationPlatforms) = postSolution
			{3CFCECAD-98E9-581B-90CF-75E5F2B140CA}.Debug|Any CPU.ActiveCfg = Debug|Any CPU
		{3CFCECAD-98E9-581B-90CF-75E5F2B140CA}.Debug|Any CPU.Build.0 = Debug|Any CPU
		{3CFCECAD-98E9-581B-90CF-75E5F2B140CA}.Release|Any CPU.ActiveCfg = Release|Any CPU
		{3CFCECAD-98E9-581B-90CF-75E5F2B140CA}.Release|Any CPU.Build.0 = Release|Any CPU
		{0DDD0665-950C-B4D6-56B9-A5A4C73C7423}.Debug|Any CPU.ActiveCfg = Debug|Any CPU
		{0DDD0665-950C-B4D6-56B9-A5A4C73C7423}.Debug|Any CPU.Build.0 = Debug|Any CPU
		{0DDD0665-950C-B4D6-56B9-A5A4C73C7423}.Release|Any CPU.ActiveCfg = Release|Any CPU
		{0DDD0665-950C-B4D6-56B9-A5A4C73C7423}.Release|Any CPU.Build.0 = Release|Any CPU
		{E1F3841D-E6E7-98DF-B512-B4A0EDA94B43}.Debug|Any CPU.ActiveCfg = Debug|Any CPU
		{E1F3841D-E6E7-98DF-B512-B4A0EDA94B43}.Debug|Any CPU.Build.0 = Debug|Any CPU
		{E1F3841D-E6E7-98DF-B512-B4A0EDA94B43}.Release|Any CPU.ActiveCfg = Release|Any CPU
		{E1F3841D-E6E7-98DF-B512-B4A0EDA94B43}.Release|Any CPU.Build.0 = Release|Any CPU
		{D99A7B07-1DA2-FEA1-BA4C-344E12BE35C4}.Debug|Any CPU.ActiveCfg = Debug|Any CPU
		{D99A7B07-1DA2-FEA1-BA4C-344E12BE35C4}.Debug|Any CPU.Build.0 = Debug|Any CPU
		{D99A7B07-1DA2-FEA1-BA4C-344E12BE35C4}.Release|Any CPU.ActiveCfg = Release|Any CPU
		{D99A7B07-1DA2-FEA1-BA4C-344E12BE35C4}.Release|Any CPU.Build.0 = Release|Any CPU
		{D51B007E-B598-0FA0-7837-A69A04CD1F0E}.Debug|Any CPU.ActiveCfg = Debug|Any CPU
		{D51B007E-B598-0FA0-7837-A69A04CD1F0E}.Debug|Any CPU.Build.0 = Debug|Any CPU
		{D51B007E-B598-0FA0-7837-A69A04CD1F0E}.Release|Any CPU.ActiveCfg = Release|Any CPU
		{D51B007E-B598-0FA0-7837-A69A04CD1F0E}.Release|Any CPU.Build.0 = Release|Any CPU
		{0F204E24-E62B-D5B1-DBC9-210ECE6D6D0A}.Debug|Any CPU.ActiveCfg = Debug|Any CPU
		{0F204E24-E62B-D5B1-DBC9-210ECE6D6D0A}.Debug|Any CPU.Build.0 = Debug|Any CPU
		{0F204E24-E62B-D5B1-DBC9-210ECE6D6D0A}.Release|Any CPU.ActiveCfg = Release|Any CPU
		{0F204E24-E62B-D5B1-DBC9-210ECE6D6D0A}.Release|Any CPU.Build.0 = Release|Any CPU
		{FC6C7BED-51A8-4156-7581-F92A3DA25D09}.Debug|Any CPU.ActiveCfg = Debug|Any CPU
		{FC6C7BED-51A8-4156-7581-F92A3DA25D09}.Debug|Any CPU.Build.0 = Debug|Any CPU
		{FC6C7BED-51A8-4156-7581-F92A3DA25D09}.Release|Any CPU.ActiveCfg = Release|Any CPU
		{FC6C7BED-51A8-4156-7581-F92A3DA25D09}.Release|Any CPU.Build.0 = Release|Any CPU
		{55F2DBB6-0B4D-1FEE-07D4-D274C19FD851}.Debug|Any CPU.ActiveCfg = Debug|Any CPU
		{55F2DBB6-0B4D-1FEE-07D4-D274C19FD851}.Debug|Any CPU.Build.0 = Debug|Any CPU
		{55F2DBB6-0B4D-1FEE-07D4-D274C19FD851}.Release|Any CPU.ActiveCfg = Release|Any CPU
		{55F2DBB6-0B4D-1FEE-07D4-D274C19FD851}.Release|Any CPU.Build.0 = Release|Any CPU
		{AA6BB9D8-7C5A-00FB-D3B2-49C6170435D9}.Debug|Any CPU.ActiveCfg = Debug|Any CPU
		{AA6BB9D8-7C5A-00FB-D3B2-49C6170435D9}.Debug|Any CPU.Build.0 = Debug|Any CPU
		{AA6BB9D8-7C5A-00FB-D3B2-49C6170435D9}.Release|Any CPU.ActiveCfg = Release|Any CPU
		{AA6BB9D8-7C5A-00FB-D3B2-49C6170435D9}.Release|Any CPU.Build.0 = Release|Any CPU
		{C8F87367-08AD-0493-FBB2-C57FE37562B8}.Debug|Any CPU.ActiveCfg = Debug|Any CPU
		{C8F87367-08AD-0493-FBB2-C57FE37562B8}.Debug|Any CPU.Build.0 = Debug|Any CPU
		{C8F87367-08AD-0493-FBB2-C57FE37562B8}.Release|Any CPU.ActiveCfg = Release|Any CPU
		{C8F87367-08AD-0493-FBB2-C57FE37562B8}.Release|Any CPU.Build.0 = Release|Any CPU
		{30524F5E-E17A-C9CE-5251-B111FE0AFE2F}.Debug|Any CPU.ActiveCfg = Debug|Any CPU
		{30524F5E-E17A-C9CE-5251-B111FE0AFE2F}.Debug|Any CPU.Build.0 = Debug|Any CPU
		{30524F5E-E17A-C9CE-5251-B111FE0AFE2F}.Release|Any CPU.ActiveCfg = Release|Any CPU
		{30524F5E-E17A-C9CE-5251-B111FE0AFE2F}.Release|Any CPU.Build.0 = Release|Any CPU
		{5D393295-D826-4BC1-2F48-1ECCE7548BC2}.Debug|Any CPU.ActiveCfg = Debug|Any CPU
		{5D393295-D826-4BC1-2F48-1ECCE7548BC2}.Debug|Any CPU.Build.0 = Debug|Any CPU
		{5D393295-D826-4BC1-2F48-1ECCE7548BC2}.Release|Any CPU.ActiveCfg = Release|Any CPU
		{5D393295-D826-4BC1-2F48-1ECCE7548BC2}.Release|Any CPU.Build.0 = Release|Any CPU
		{BE79218E-4244-1D36-E13C-343DBA6565E7}.Debug|Any CPU.ActiveCfg = Debug|Any CPU
		{BE79218E-4244-1D36-E13C-343DBA6565E7}.Debug|Any CPU.Build.0 = Debug|Any CPU
		{BE79218E-4244-1D36-E13C-343DBA6565E7}.Release|Any CPU.ActiveCfg = Release|Any CPU
		{BE79218E-4244-1D36-E13C-343DBA6565E7}.Release|Any CPU.Build.0 = Release|Any CPU
		{0481E61C-C70A-C180-0581-C343A3C514F7}.Debug|Any CPU.ActiveCfg = Debug|Any CPU
		{0481E61C-C70A-C180-0581-C343A3C514F7}.Debug|Any CPU.Build.0 = Debug|Any CPU
		{0481E61C-C70A-C180-0581-C343A3C514F7}.Release|Any CPU.ActiveCfg = Release|Any CPU
		{0481E61C-C70A-C180-0581-C343A3C514F7}.Release|Any CPU.Build.0 = Release|Any CPU
		{FA955FBB-3400-866A-D9CF-8A2E09A20F13}.Debug|Any CPU.ActiveCfg = Debug|Any CPU
		{FA955FBB-3400-866A-D9CF-8A2E09A20F13}.Debug|Any CPU.Build.0 = Debug|Any CPU
		{FA955FBB-3400-866A-D9CF-8A2E09A20F13}.Release|Any CPU.ActiveCfg = Release|Any CPU
		{FA955FBB-3400-866A-D9CF-8A2E09A20F13}.Release|Any CPU.Build.0 = Release|Any CPU
		{62C2F3C8-87D9-4EEC-0802-18193F2DB54D}.Debug|Any CPU.ActiveCfg = Debug|Any CPU
		{62C2F3C8-87D9-4EEC-0802-18193F2DB54D}.Debug|Any CPU.Build.0 = Debug|Any CPU
		{62C2F3C8-87D9-4EEC-0802-18193F2DB54D}.Release|Any CPU.ActiveCfg = Release|Any CPU
		{62C2F3C8-87D9-4EEC-0802-18193F2DB54D}.Release|Any CPU.Build.0 = Release|Any CPU
		{B933ED31-4378-798F-C895-4092A1EC1098}.Debug|Any CPU.ActiveCfg = Debug|Any CPU
		{B933ED31-4378-798F-C895-4092A1EC1098}.Debug|Any CPU.Build.0 = Debug|Any CPU
		{B933ED31-4378-798F-C895-4092A1EC1098}.Release|Any CPU.ActiveCfg = Release|Any CPU
		{B933ED31-4378-798F-C895-4092A1EC1098}.Release|Any CPU.Build.0 = Release|Any CPU
		{12D4D12F-3F57-D2E9-D12A-977A10355E72}.Debug|Any CPU.ActiveCfg = Debug|Any CPU
		{12D4D12F-3F57-D2E9-D12A-977A10355E72}.Debug|Any CPU.Build.0 = Debug|Any CPU
		{12D4D12F-3F57-D2E9-D12A-977A10355E72}.Release|Any CPU.ActiveCfg = Release|Any CPU
		{12D4D12F-3F57-D2E9-D12A-977A10355E72}.Release|Any CPU.Build.0 = Release|Any CPU
		{373CE25D-A186-D33E-C2BE-66B474DA7464}.Debug|Any CPU.ActiveCfg = Debug|Any CPU
		{373CE25D-A186-D33E-C2BE-66B474DA7464}.Debug|Any CPU.Build.0 = Debug|Any CPU
		{373CE25D-A186-D33E-C2BE-66B474DA7464}.Release|Any CPU.ActiveCfg = Release|Any CPU
		{373CE25D-A186-D33E-C2BE-66B474DA7464}.Release|Any CPU.Build.0 = Release|Any CPU
		{958D6CA2-AE66-E097-0808-FD5B9C20CA97}.Debug|Any CPU.ActiveCfg = Debug|Any CPU
		{958D6CA2-AE66-E097-0808-FD5B9C20CA97}.Debug|Any CPU.Build.0 = Debug|Any CPU
		{958D6CA2-AE66-E097-0808-FD5B9C20CA97}.Release|Any CPU.ActiveCfg = Release|Any CPU
		{958D6CA2-AE66-E097-0808-FD5B9C20CA97}.Release|Any CPU.Build.0 = Release|Any CPU
		{6311CADA-6D81-F7AB-FEC4-407A41F1D9B7}.Debug|Any CPU.ActiveCfg = Debug|Any CPU
		{6311CADA-6D81-F7AB-FEC4-407A41F1D9B7}.Debug|Any CPU.Build.0 = Debug|Any CPU
		{6311CADA-6D81-F7AB-FEC4-407A41F1D9B7}.Release|Any CPU.ActiveCfg = Release|Any CPU
		{6311CADA-6D81-F7AB-FEC4-407A41F1D9B7}.Release|Any CPU.Build.0 = Release|Any CPU
		{0B0A0C17-850A-5A51-EDAD-2C746E9BD889}.Debug|Any CPU.ActiveCfg = Debug|Any CPU
		{0B0A0C17-850A-5A51-EDAD-2C746E9BD889}.Debug|Any CPU.Build.0 = Debug|Any CPU
		{0B0A0C17-850A-5A51-EDAD-2C746E9BD889}.Release|Any CPU.ActiveCfg = Release|Any CPU
		{0B0A0C17-850A-5A51-EDAD-2C746E9BD889}.Release|Any CPU.Build.0 = Release|Any CPU
		{4EC989CD-EB1A-900E-D08B-3E16235A2A03}.Debug|Any CPU.ActiveCfg = Debug|Any CPU
		{4EC989CD-EB1A-900E-D08B-3E16235A2A03}.Debug|Any CPU.Build.0 = Debug|Any CPU
		{4EC989CD-EB1A-900E-D08B-3E16235A2A03}.Release|Any CPU.ActiveCfg = Release|Any CPU
		{4EC989CD-EB1A-900E-D08B-3E16235A2A03}.Release|Any CPU.Build.0 = Release|Any CPU
		{ED967EF7-E028-86AA-11D2-E8C0C0995960}.Debug|Any CPU.ActiveCfg = Debug|Any CPU
		{ED967EF7-E028-86AA-11D2-E8C0C0995960}.Debug|Any CPU.Build.0 = Debug|Any CPU
		{ED967EF7-E028-86AA-11D2-E8C0C0995960}.Release|Any CPU.ActiveCfg = Release|Any CPU
		{ED967EF7-E028-86AA-11D2-E8C0C0995960}.Release|Any CPU.Build.0 = Release|Any CPU
		{6F1BFF5C-D300-344D-8D1E-96C505C45F91}.Debug|Any CPU.ActiveCfg = Debug|Any CPU
		{6F1BFF5C-D300-344D-8D1E-96C505C45F91}.Debug|Any CPU.Build.0 = Debug|Any CPU
		{6F1BFF5C-D300-344D-8D1E-96C505C45F91}.Release|Any CPU.ActiveCfg = Release|Any CPU
		{6F1BFF5C-D300-344D-8D1E-96C505C45F91}.Release|Any CPU.Build.0 = Release|Any CPU
		{4A0220F9-3583-9BFD-CF76-800B7A6F8C66}.Debug|Any CPU.ActiveCfg = Debug|Any CPU
		{4A0220F9-3583-9BFD-CF76-800B7A6F8C66}.Debug|Any CPU.Build.0 = Debug|Any CPU
		{4A0220F9-3583-9BFD-CF76-800B7A6F8C66}.Release|Any CPU.ActiveCfg = Release|Any CPU
		{4A0220F9-3583-9BFD-CF76-800B7A6F8C66}.Release|Any CPU.Build.0 = Release|Any CPU

	EndGlobalSection
	GlobalSection(SolutionProperties) = preSolution
		HideSolutionNode = FALSE
	EndGlobalSection
	GlobalSection(NestedProjects) = preSolution
			{3CFCECAD-98E9-581B-90CF-75E5F2B140CA} = {7E84B5F6-56F9-A3B2-F215-7A71616B85A2}
		{0DDD0665-950C-B4D6-56B9-A5A4C73C7423} = {91C47821-78DC-6EB2-D97E-14E2D5EF1C9F}
		{E1F3841D-E6E7-98DF-B512-B4A0EDA94B43} = {91C47821-78DC-6EB2-D97E-14E2D5EF1C9F}
		{D99A7B07-1DA2-FEA1-BA4C-344E12BE35C4} = {91C47821-78DC-6EB2-D97E-14E2D5EF1C9F}
		{0F204E24-E62B-D5B1-DBC9-210ECE6D6D0A} = {A4043C4D-9AC0-3AB1-C0E6-AD534972B49C}
		{FC6C7BED-51A8-4156-7581-F92A3DA25D09} = {A4043C4D-9AC0-3AB1-C0E6-AD534972B49C}
		{55F2DBB6-0B4D-1FEE-07D4-D274C19FD851} = {A4043C4D-9AC0-3AB1-C0E6-AD534972B49C}
		{AA6BB9D8-7C5A-00FB-D3B2-49C6170435D9} = {A4043C4D-9AC0-3AB1-C0E6-AD534972B49C}
		{C8F87367-08AD-0493-FBB2-C57FE37562B8} = {A4043C4D-9AC0-3AB1-C0E6-AD534972B49C}
		{30524F5E-E17A-C9CE-5251-B111FE0AFE2F} = {A4043C4D-9AC0-3AB1-C0E6-AD534972B49C}
		{5D393295-D826-4BC1-2F48-1ECCE7548BC2} = {A4043C4D-9AC0-3AB1-C0E6-AD534972B49C}
		{BE79218E-4244-1D36-E13C-343DBA6565E7} = {A4043C4D-9AC0-3AB1-C0E6-AD534972B49C}
		{0481E61C-C70A-C180-0581-C343A3C514F7} = {A4043C4D-9AC0-3AB1-C0E6-AD534972B49C}
		{FA955FBB-3400-866A-D9CF-8A2E09A20F13} = {A4043C4D-9AC0-3AB1-C0E6-AD534972B49C}
		{62C2F3C8-87D9-4EEC-0802-18193F2DB54D} = {A4043C4D-9AC0-3AB1-C0E6-AD534972B49C}
		{B933ED31-4378-798F-C895-4092A1EC1098} = {A4043C4D-9AC0-3AB1-C0E6-AD534972B49C}
		{12D4D12F-3F57-D2E9-D12A-977A10355E72} = {A4043C4D-9AC0-3AB1-C0E6-AD534972B49C}
		{373CE25D-A186-D33E-C2BE-66B474DA7464} = {A4043C4D-9AC0-3AB1-C0E6-AD534972B49C}
		{958D6CA2-AE66-E097-0808-FD5B9C20CA97} = {A4043C4D-9AC0-3AB1-C0E6-AD534972B49C}
		{6311CADA-6D81-F7AB-FEC4-407A41F1D9B7} = {A4043C4D-9AC0-3AB1-C0E6-AD534972B49C}
		{0B0A0C17-850A-5A51-EDAD-2C746E9BD889} = {A4043C4D-9AC0-3AB1-C0E6-AD534972B49C}
		{4EC989CD-EB1A-900E-D08B-3E16235A2A03} = {A4043C4D-9AC0-3AB1-C0E6-AD534972B49C}
		{ED967EF7-E028-86AA-11D2-E8C0C0995960} = {A4043C4D-9AC0-3AB1-C0E6-AD534972B49C}
		{6F1BFF5C-D300-344D-8D1E-96C505C45F91} = {A4043C4D-9AC0-3AB1-C0E6-AD534972B49C}
		{4A0220F9-3583-9BFD-CF76-800B7A6F8C66} = {A4043C4D-9AC0-3AB1-C0E6-AD534972B49C}

	EndGlobalSection
	GlobalSection(ExtensibilityGlobals) = postSolution
		SolutionGuid = {FD1E2EC4-D69D-418D-8FBF-4CA3864E5C8C}
	EndGlobalSection
EndGlobal

